// !$*UTF8*$!
{
	archiveVersion = 1;
	classes = {
	};
	objectVersion = 50;
	objects = {

/* Begin PBXBuildFile section */
		FB58FB9021ACCEDD00349B35 /* AppDelegate.swift in Sources */ = {isa = PBXBuildFile; fileRef = FB58FB8F21ACCEDD00349B35 /* AppDelegate.swift */; };
		FB58FB9221ACCEDD00349B35 /* ViewController.swift in Sources */ = {isa = PBXBuildFile; fileRef = FB58FB9121ACCEDD00349B35 /* ViewController.swift */; };
		FB58FB9521ACCEDD00349B35 /* Main.storyboard in Resources */ = {isa = PBXBuildFile; fileRef = FB58FB9321ACCEDD00349B35 /* Main.storyboard */; };
		FB58FB9821ACCEDD00349B35 /* CoreDataTemp.xcdatamodeld in Sources */ = {isa = PBXBuildFile; fileRef = FB58FB9621ACCEDD00349B35 /* CoreDataTemp.xcdatamodeld */; };
		FB58FB9A21ACCEDE00349B35 /* Assets.xcassets in Resources */ = {isa = PBXBuildFile; fileRef = FB58FB9921ACCEDE00349B35 /* Assets.xcassets */; };
		FB58FB9D21ACCEDE00349B35 /* LaunchScreen.storyboard in Resources */ = {isa = PBXBuildFile; fileRef = FB58FB9B21ACCEDE00349B35 /* LaunchScreen.storyboard */; };
		FB58FBA621ACD32100349B35 /* User+CoreDataClass.swift in Sources */ = {isa = PBXBuildFile; fileRef = FB58FBA421ACD32100349B35 /* User+CoreDataClass.swift */; };
		FB58FBA721ACD32100349B35 /* User+CoreDataProperties.swift in Sources */ = {isa = PBXBuildFile; fileRef = FB58FBA521ACD32100349B35 /* User+CoreDataProperties.swift */; };
		FBDC683B21ACE185001B8293 /* ListaViewController.swift in Sources */ = {isa = PBXBuildFile; fileRef = FBDC683A21ACE185001B8293 /* ListaViewController.swift */; };
/* End PBXBuildFile section */

/* Begin PBXFileReference section */
		FB58FB8C21ACCEDD00349B35 /* CoreDataTemp.app */ = {isa = PBXFileReference; explicitFileType = wrapper.application; includeInIndex = 0; path = CoreDataTemp.app; sourceTree = BUILT_PRODUCTS_DIR; };
		FB58FB8F21ACCEDD00349B35 /* AppDelegate.swift */ = {isa = PBXFileReference; lastKnownFileType = sourcecode.swift; path = AppDelegate.swift; sourceTree = "<group>"; };
		FB58FB9121ACCEDD00349B35 /* ViewController.swift */ = {isa = PBXFileReference; lastKnownFileType = sourcecode.swift; path = ViewController.swift; sourceTree = "<group>"; };
		FB58FB9421ACCEDD00349B35 /* Base */ = {isa = PBXFileReference; lastKnownFileType = file.storyboard; name = Base; path = Base.lproj/Main.storyboard; sourceTree = "<group>"; };
		FB58FB9721ACCEDD00349B35 /* CoreDataTemp.xcdatamodel */ = {isa = PBXFileReference; lastKnownFileType = wrapper.xcdatamodel; path = CoreDataTemp.xcdatamodel; sourceTree = "<group>"; };
		FB58FB9921ACCEDE00349B35 /* Assets.xcassets */ = {isa = PBXFileReference; lastKnownFileType = folder.assetcatalog; path = Assets.xcassets; sourceTree = "<group>"; };
		FB58FB9C21ACCEDE00349B35 /* Base */ = {isa = PBXFileReference; lastKnownFileType = file.storyboard; name = Base; path = Base.lproj/LaunchScreen.storyboard; sourceTree = "<group>"; };
		FB58FB9E21ACCEDE00349B35 /* Info.plist */ = {isa = PBXFileReference; lastKnownFileType = text.plist.xml; path = Info.plist; sourceTree = "<group>"; };
		FB58FBA421ACD32100349B35 /* User+CoreDataClass.swift */ = {isa = PBXFileReference; lastKnownFileType = sourcecode.swift; path = "User+CoreDataClass.swift"; sourceTree = "<group>"; };
		FB58FBA521ACD32100349B35 /* User+CoreDataProperties.swift */ = {isa = PBXFileReference; lastKnownFileType = sourcecode.swift; path = "User+CoreDataProperties.swift"; sourceTree = "<group>"; };
		FBDC683A21ACE185001B8293 /* ListaViewController.swift */ = {isa = PBXFileReference; lastKnownFileType = sourcecode.swift; path = ListaViewController.swift; sourceTree = "<group>"; };
/* End PBXFileReference section */

/* Begin PBXFrameworksBuildPhase section */
		FB58FB8921ACCEDD00349B35 /* Frameworks */ = {
			isa = PBXFrameworksBuildPhase;
			buildActionMask = 2147483647;
			files = (
			);
			runOnlyForDeploymentPostprocessing = 0;
		};
/* End PBXFrameworksBuildPhase section */

/* Begin PBXGroup section */
		FB58FB8321ACCEDD00349B35 = {
			isa = PBXGroup;
			children = (
				FB58FBA421ACD32100349B35 /* User+CoreDataClass.swift */,
				FB58FBA521ACD32100349B35 /* User+CoreDataProperties.swift */,
				FB58FB8E21ACCEDD00349B35 /* CoreDataTemp */,
				FB58FB8D21ACCEDD00349B35 /* Products */,
			);
			sourceTree = "<group>";
		};
		FB58FB8D21ACCEDD00349B35 /* Products */ = {
			isa = PBXGroup;
			children = (
				FB58FB8C21ACCEDD00349B35 /* CoreDataTemp.app */,
			);
			name = Products;
			sourceTree = "<group>";
		};
		FB58FB8E21ACCEDD00349B35 /* CoreDataTemp */ = {
			isa = PBXGroup;
			children = (
				FB58FB8F21ACCEDD00349B35 /* AppDelegate.swift */,
				FB58FB9121ACCEDD00349B35 /* ViewController.swift */,
				FB58FB9321ACCEDD00349B35 /* Main.storyboard */,
				FB58FB9921ACCEDE00349B35 /* Assets.xcassets */,
				FB58FB9B21ACCEDE00349B35 /* LaunchScreen.storyboard */,
				FB58FB9E21ACCEDE00349B35 /* Info.plist */,
				FB58FB9621ACCEDD00349B35 /* CoreDataTemp.xcdatamodeld */,
				FBDC683A21ACE185001B8293 /* ListaViewController.swift */,
			);
			path = CoreDataTemp;
			sourceTree = "<group>";
		};
/* End PBXGroup section */

/* Begin PBXNativeTarget section */
		FB58FB8B21ACCEDD00349B35 /* CoreDataTemp */ = {
			isa = PBXNativeTarget;
			buildConfigurationList = FB58FBA121ACCEDE00349B35 /* Build configuration list for PBXNativeTarget "CoreDataTemp" */;
			buildPhases = (
				FB58FB8821ACCEDD00349B35 /* Sources */,
				FB58FB8921ACCEDD00349B35 /* Frameworks */,
				FB58FB8A21ACCEDD00349B35 /* Resources */,
			);
			buildRules = (
			);
			dependencies = (
			);
			name = CoreDataTemp;
			productName = CoreDataTemp;
			productReference = FB58FB8C21ACCEDD00349B35 /* CoreDataTemp.app */;
			productType = "com.apple.product-type.application";
		};
/* End PBXNativeTarget section */

/* Begin PBXProject section */
		FB58FB8421ACCEDD00349B35 /* Project object */ = {
			isa = PBXProject;
			attributes = {
				LastSwiftUpdateCheck = 1000;
				LastUpgradeCheck = 1000;
				ORGANIZATIONNAME = Area51;
				TargetAttributes = {
					FB58FB8B21ACCEDD00349B35 = {
						CreatedOnToolsVersion = 10.0;
					};
				};
			};
			buildConfigurationList = FB58FB8721ACCEDD00349B35 /* Build configuration list for PBXProject "CoreDataTemp" */;
			compatibilityVersion = "Xcode 9.3";
			developmentRegion = en;
			hasScannedForEncodings = 0;
			knownRegions = (
				en,
				Base,
			);
			mainGroup = FB58FB8321ACCEDD00349B35;
			productRefGroup = FB58FB8D21ACCEDD00349B35 /* Products */;
			projectDirPath = "";
			projectRoot = "";
			targets = (
				FB58FB8B21ACCEDD00349B35 /* CoreDataTemp */,
			);
		};
/* End PBXProject section */

/* Begin PBXResourcesBuildPhase section */
		FB58FB8A21ACCEDD00349B35 /* Resources */ = {
			isa = PBXResourcesBuildPhase;
			buildActionMask = 2147483647;
			files = (
				FB58FB9D21ACCEDE00349B35 /* LaunchScreen.storyboard in Resources */,
				FB58FB9A21ACCEDE00349B35 /* Assets.xcassets in Resources */,
				FB58FB9521ACCEDD00349B35 /* Main.storyboard in Resources */,
			);
			runOnlyForDeploymentPostprocessing = 0;
		};
/* End PBXResourcesBuildPhase section */

/* Begin PBXSourcesBuildPhase section */
		FB58FB8821ACCEDD00349B35 /* Sources */ = {
			isa = PBXSourcesBuildPhase;
			buildActionMask = 2147483647;
			files = (
				FBDC683B21ACE185001B8293 /* ListaViewController.swift in Sources */,
				FB58FB9821ACCEDD00349B35 /* CoreDataTemp.xcdatamodeld in Sources */,
				FB58FB9221ACCEDD00349B35 /* ViewController.swift in Sources */,
				FB58FBA621ACD32100349B35 /* User+CoreDataClass.swift in Sources */,
				FB58FBA721ACD32100349B35 /* User+CoreDataProperties.swift in Sources */,
				FB58FB9021ACCEDD00349B35 /* AppDelegate.swift in Sources */,
			);
			runOnlyForDeploymentPostprocessing = 0;
		};
/* End PBXSourcesBuildPhase section */

/* Begin PBXVariantGroup section */
		FB58FB9321ACCEDD00349B35 /* Main.storyboard */ = {
			isa = PBXVariantGroup;
			children = (
				FB58FB9421ACCEDD00349B35 /* Base */,
			);
			name = Main.storyboard;
			sourceTree = "<group>";
		};
		FB58FB9B21ACCEDE00349B35 /* LaunchScreen.storyboard */ = {
			isa = PBXVariantGroup;
			children = (
				FB58FB9C21ACCEDE00349B35 /* Base */,
			);
			name = LaunchScreen.storyboard;
			sourceTree = "<group>";
		};
/* End PBXVariantGroup section */

/* Begin XCBuildConfiguration section */
		FB58FB9F21ACCEDE00349B35 /* Debug */ = {
			isa = XCBuildConfiguration;
			buildSettings = {
				ALWAYS_SEARCH_USER_PATHS = NO;
				CLANG_ANALYZER_NONNULL = YES;
				CLANG_ANALYZER_NUMBER_OBJECT_CONVERSION = YES_AGGRESSIVE;
				CLANG_CXX_LANGUAGE_STANDARD = "gnu++14";
				CLANG_CXX_LIBRARY = "libc++";
				CLANG_ENABLE_MODULES = YES;
				CLANG_ENABLE_OBJC_ARC = YES;
				CLANG_ENABLE_OBJC_WEAK = YES;
				CLANG_WARN_BLOCK_CAPTURE_AUTORELEASING = YES;
				CLANG_WARN_BOOL_CONVERSION = YES;
				CLANG_WARN_COMMA = YES;
				CLANG_WARN_CONSTANT_CONVERSION = YES;
				CLANG_WARN_DEPRECATED_OBJC_IMPLEMENTATIONS = YES;
				CLANG_WARN_DIRECT_OBJC_ISA_USAGE = YES_ERROR;
				CLANG_WARN_DOCUMENTATION_COMMENTS = YES;
				CLANG_WARN_EMPTY_BODY = YES;
				CLANG_WARN_ENUM_CONVERSION = YES;
				CLANG_WARN_INFINITE_RECURSION = YES;
				CLANG_WARN_INT_CONVERSION = YES;
				CLANG_WARN_NON_LITERAL_NULL_CONVERSION = YES;
				CLANG_WARN_OBJC_IMPLICIT_RETAIN_SELF = YES;
				CLANG_WARN_OBJC_LITERAL_CONVERSION = YES;
				CLANG_WARN_OBJC_ROOT_CLASS = YES_ERROR;
				CLANG_WARN_RANGE_LOOP_ANALYSIS = YES;
				CLANG_WARN_STRICT_PROTOTYPES = YES;
				CLANG_WARN_SUSPICIOUS_MOVE = YES;
				CLANG_WARN_UNGUARDED_AVAILABILITY = YES_AGGRESSIVE;
				CLANG_WARN_UNREACHABLE_CODE = YES;
				CLANG_WARN__DUPLICATE_METHOD_MATCH = YES;
				CODE_SIGN_IDENTITY = "iPhone Developer";
				COPY_PHASE_STRIP = NO;
				DEBUG_INFORMATION_FORMAT = dwarf;
				ENABLE_STRICT_OBJC_MSGSEND = YES;
				ENABLE_TESTABILITY = YES;
				GCC_C_LANGUAGE_STANDARD = gnu11;
				GCC_DYNAMIC_NO_PIC = NO;
				GCC_NO_COMMON_BLOCKS = YES;
				GCC_OPTIMIZATION_LEVEL = 0;
				GCC_PREPROCESSOR_DEFINITIONS = (
					"DEBUG=1",
					"$(inherited)",
				);
				GCC_WARN_64_TO_32_BIT_CONVERSION = YES;
				GCC_WARN_ABOUT_RETURN_TYPE = YES_ERROR;
				GCC_WARN_UNDECLARED_SELECTOR = YES;
				GCC_WARN_UNINITIALIZED_AUTOS = YES_AGGRESSIVE;
				GCC_WARN_UNUSED_FUNCTION = YES;
				GCC_WARN_UNUSED_VARIABLE = YES;
				IPHONEOS_DEPLOYMENT_TARGET = 12.0;
				MTL_ENABLE_DEBUG_INFO = INCLUDE_SOURCE;
				MTL_FAST_MATH = YES;
				ONLY_ACTIVE_ARCH = YES;
				SDKROOT = iphoneos;
				SWIFT_ACTIVE_COMPILATION_CONDITIONS = DEBUG;
				SWIFT_OPTIMIZATION_LEVEL = "-Onone";
			};
			name = Debug;
		};
		FB58FBA021ACCEDE00349B35 /* Release */ = {
			isa = XCBuildConfiguration;
			buildSettings = {
				ALWAYS_SEARCH_USER_PATHS = NO;
				CLANG_ANALYZER_NONNULL = YES;
				CLANG_ANALYZER_NUMBER_OBJECT_CONVERSION = YES_AGGRESSIVE;
				CLANG_CXX_LANGUAGE_STANDARD = "gnu++14";
				CLANG_CXX_LIBRARY = "libc++";
				CLANG_ENABLE_MODULES = YES;
				CLANG_ENABLE_OBJC_ARC = YES;
				CLANG_ENABLE_OBJC_WEAK = YES;
				CLANG_WARN_BLOCK_CAPTURE_AUTORELEASING = YES;
				CLANG_WARN_BOOL_CONVERSION = YES;
				CLANG_WARN_COMMA = YES;
				CLANG_WARN_CONSTANT_CONVERSION = YES;
				CLANG_WARN_DEPRECATED_OBJC_IMPLEMENTATIONS = YES;
				CLANG_WARN_DIRECT_OBJC_ISA_USAGE = YES_ERROR;
				CLANG_WARN_DOCUMENTATION_COMMENTS = YES;
				CLANG_WARN_EMPTY_BODY = YES;
				CLANG_WARN_ENUM_CONVERSION = YES;
				CLANG_WARN_INFINITE_RECURSION = YES;
				CLANG_WARN_INT_CONVERSION = YES;
				CLANG_WARN_NON_LITERAL_NULL_CONVERSION = YES;
				CLANG_WARN_OBJC_IMPLICIT_RETAIN_SELF = YES;
				CLANG_WARN_OBJC_LITERAL_CONVERSION = YES;
				CLANG_WARN_OBJC_ROOT_CLASS = YES_ERROR;
				CLANG_WARN_RANGE_LOOP_ANALYSIS = YES;
				CLANG_WARN_STRICT_PROTOTYPES = YES;
				CLANG_WARN_SUSPICIOUS_MOVE = YES;
				CLANG_WARN_UNGUARDED_AVAILABILITY = YES_AGGRESSIVE;
				CLANG_WARN_UNREACHABLE_CODE = YES;
				CLANG_WARN__DUPLICATE_METHOD_MATCH = YES;
				CODE_SIGN_IDENTITY = "iPhone Developer";
				COPY_PHASE_STRIP = NO;
				DEBUG_INFORMATION_FORMAT = "dwarf-with-dsym";
				ENABLE_NS_ASSERTIONS = NO;
				ENABLE_STRICT_OBJC_MSGSEND = YES;
				GCC_C_LANGUAGE_STANDARD = gnu11;
				GCC_NO_COMMON_BLOCKS = YES;
				GCC_WARN_64_TO_32_BIT_CONVERSION = YES;
				GCC_WARN_ABOUT_RETURN_TYPE = YES_ERROR;
				GCC_WARN_UNDECLARED_SELECTOR = YES;
				GCC_WARN_UNINITIALIZED_AUTOS = YES_AGGRESSIVE;
				GCC_WARN_UNUSED_FUNCTION = YES;
				GCC_WARN_UNUSED_VARIABLE = YES;
				IPHONEOS_DEPLOYMENT_TARGET = 12.0;
				MTL_ENABLE_DEBUG_INFO = NO;
				MTL_FAST_MATH = YES;
				SDKROOT = iphoneos;
				SWIFT_COMPILATION_MODE = wholemodule;
				SWIFT_OPTIMIZATION_LEVEL = "-O";
				VALIDATE_PRODUCT = YES;
			};
			name = Release;
		};
		FB58FBA221ACCEDE00349B35 /* Debug */ = {
			isa = XCBuildConfiguration;
			buildSettings = {
				ASSETCATALOG_COMPILER_APPICON_NAME = AppIcon;
				CODE_SIGN_STYLE = Automatic;
				DEVELOPMENT_TEAM = XJY6K7P63P;
				INFOPLIST_FILE = CoreDataTemp/Info.plist;
				LD_RUNPATH_SEARCH_PATHS = (
					"$(inherited)",
					"@executable_path/Frameworks",
				);
				PRODUCT_BUNDLE_IDENTIFIER = pe.area51.CoreDataTemp;
				PRODUCT_NAME = "$(TARGET_NAME)";
				SWIFT_VERSION = 4.2;
				TARGETED_DEVICE_FAMILY = "1,2";
			};
			name = Debug;
		};
		FB58FBA321ACCEDE00349B35 /* Release */ = {
			isa = XCBuildConfiguration;
			buildSettings = {
				ASSETCATALOG_COMPILER_APPICON_NAME = AppIcon;
				CODE_SIGN_STYLE = Automatic;
				DEVELOPMENT_TEAM = XJY6K7P63P;
				INFOPLIST_FILE = CoreDataTemp/Info.plist;
				LD_RUNPATH_SEARCH_PATHS = (
					"$(inherited)",
					"@executable_path/Frameworks",
				);
				PRODUCT_BUNDLE_IDENTIFIER = pe.area51.CoreDataTemp;
				PRODUCT_NAME = "$(TARGET_NAME)";
				SWIFT_VERSION = 4.2;
				TARGETED_DEVICE_FAMILY = "1,2";
			};
			name = Release;
		};
/* End XCBuildConfiguration section */

/* Begin XCConfigurationList section */
		FB58FB8721ACCEDD00349B35 /* Build configuration list for PBXProject "CoreDataTemp" */ = {
			isa = XCConfigurationList;
			buildConfigurations = (
				FB58FB9F21ACCEDE00349B35 /* Debug */,
				FB58FBA021ACCEDE00349B35 /* Release */,
			);
			defaultConfigurationIsVisible = 0;
			defaultConfigurationName = Release;
		};
		FB58FBA121ACCEDE00349B35 /* Build configuration list for PBXNativeTarget "CoreDataTemp" */ = {
			isa = XCConfigurationList;
			buildConfigurations = (
				FB58FBA221ACCEDE00349B35 /* Debug */,
				FB58FBA321ACCEDE00349B35 /* Release */,
			);
			defaultConfigurationIsVisible = 0;
			defaultConfigurationName = Release;
		};
/* End XCConfigurationList section */

/* Begin XCVersionGroup section */
		FB58FB9621ACCEDD00349B35 /* CoreDataTemp.xcdatamodeld */ = {
			isa = XCVersionGroup;
			children = (
				FB58FB9721ACCEDD00349B35 /* CoreDataTemp.xcdatamodel */,
			);
			currentVersion = FB58FB9721ACCEDD00349B35 /* CoreDataTemp.xcdatamodel */;
			path = CoreDataTemp.xcdatamodeld;
			sourceTree = "<group>";
			versionGroupType = wrapper.xcdatamodel;
		};
/* End XCVersionGroup section */
	};
	rootObject = FB58FB8421ACCEDD00349B35 /* Project object */;
}
